
Microsoft Visual Studio Solution File, Format Version 12.00
# Visual Studio Version 17
VisualStudioVersion = 17.5.002.0
MinimumVisualStudioVersion = 10.0.40219.1
Project("{2150E333-8FDC-42A3-9474-1A3956D46DE8}") = "csharp-prep", "csharp-prep", "{96FA2C96-0DBB-45D6-A221-EB1CF3DDD810}"
EndProject
Project("{9A19103F-16F7-4668-BE54-9A1E7A4F7556}") = "Prep1", "csharp-prep\Prep1\Prep1.csproj", "{93702534-BD26-4AF7-BF37-55B727030655}"
EndProject
Project("{9A19103F-16F7-4668-BE54-9A1E7A4F7556}") = "Prep2", "csharp-prep\Prep2\Prep2.csproj", "{2D0A8C34-52A2-486A-9A40-A9595512FBEB}"
EndProject
Project("{9A19103F-16F7-4668-BE54-9A1E7A4F7556}") = "Prep3", "csharp-prep\Prep3\Prep3.csproj", "{01F85BEC-971B-4505-8F41-8624468918EF}"
EndProject
Project("{9A19103F-16F7-4668-BE54-9A1E7A4F7556}") = "Prep4", "csharp-prep\Prep4\Prep4.csproj", "{5C3ABA0B-292F-4967-B844-9F8718B0AB54}"
EndProject
Project("{9A19103F-16F7-4668-BE54-9A1E7A4F7556}") = "Prep5", "csharp-prep\Prep5\Prep5.csproj", "{B6E27B63-E82F-4EE6-AD52-EF3467B64007}"
EndProject
Project("{2150E333-8FDC-42A3-9474-1A3956D46DE8}") = "final", "final", "{F176F543-D7FF-41EC-A75F-5F6935ECFD75}"
EndProject
Project("{9A19103F-16F7-4668-BE54-9A1E7A4F7556}") = "FinalProject", "final\FinalProject\FinalProject.csproj", "{5560E359-12DF-4313-893C-DDB9D416227B}"
EndProject
Project("{9A19103F-16F7-4668-BE54-9A1E7A4F7556}") = "Foundation1", "final\Foundation1\Foundation1.csproj", "{80B1A9BA-E6F6-4309-BA1A-CC32F9EA7639}"
EndProject
Project("{9A19103F-16F7-4668-BE54-9A1E7A4F7556}") = "Foundation2", "final\Foundation2\Foundation2.csproj", "{64CFC4C6-98B9-44E1-B10E-A1DE388260E6}"
EndProject
Project("{9A19103F-16F7-4668-BE54-9A1E7A4F7556}") = "Foundation3", "final\Foundation3\Foundation3.csproj", "{20AA59D4-1BB3-4D3E-8563-BC6EC3FECEF6}"
EndProject
Project("{9A19103F-16F7-4668-BE54-9A1E7A4F7556}") = "Foundation4", "final\Foundation4\Foundation4.csproj", "{58187EF6-7835-45E3-A896-948C9E7CF438}"
EndProject
Project("{2150E333-8FDC-42A3-9474-1A3956D46DE8}") = "prepare", "prepare", "{2F66A3F9-2C90-4B4A-8C67-406645E65E02}"
EndProject
Project("{9A19103F-16F7-4668-BE54-9A1E7A4F7556}") = "Learning02", "prepare\Learning02\Learning02.csproj", "{38E8244D-C893-43D2-A6F0-A3EB174F64A9}"
EndProject
Project("{9A19103F-16F7-4668-BE54-9A1E7A4F7556}") = "Learning03", "prepare\Learning03\Learning03.csproj", "{9FD3BD30-F143-4705-A17B-DDC26E63AA63}"
EndProject
Project("{9A19103F-16F7-4668-BE54-9A1E7A4F7556}") = "Learning04", "prepare\Learning04\Learning04.csproj", "{D3E75818-03DA-4B39-BC7D-8AD3B7AF999D}"
EndProject
Project("{9A19103F-16F7-4668-BE54-9A1E7A4F7556}") = "Learning05", "prepare\Learning05\Learning05.csproj", "{B8F9D4A0-0244-4F2C-9AA0-E9D4BC797CCA}"
EndProject
Project("{2150E333-8FDC-42A3-9474-1A3956D46DE8}") = "prove", "prove", "{EDB5CE3B-1ADB-4DA1-A949-3E7DAF7387D1}"
EndProject
Project("{9A19103F-16F7-4668-BE54-9A1E7A4F7556}") = "Develop02", "prove\Develop02\Develop02.csproj", "{5D9368A4-ED20-4272-8DC2-4551C33C6898}"
EndProject
Project("{9A19103F-16F7-4668-BE54-9A1E7A4F7556}") = "Develop03", "prove\Develop03\Develop03.csproj", "{D07A8BBF-B8EF-4C5A-8760-FA892EE5C713}"
EndProject
Project("{9A19103F-16F7-4668-BE54-9A1E7A4F7556}") = "Develop04", "prove\Develop04\Develop04.csproj", "{D706B094-0CAC-4EBD-8771-45B94851747F}"
EndProject
Project("{9A19103F-16F7-4668-BE54-9A1E7A4F7556}") = "Develop05", "prove\Develop05\Develop05.csproj", "{F7A8EBFB-2C2C-4AE1-93DB-8D2484EC0824}"
EndProject
Project("{2150E333-8FDC-42A3-9474-1A3956D46DE8}") = "sandbox", "sandbox", "{A547C3F1-8AF1-430B-A5A8-C77B3FAF6718}"
EndProject
Project("{9A19103F-16F7-4668-BE54-9A1E7A4F7556}") = "Sandbox", "sandbox\Sandbox\Sandbox.csproj", "{CF8C28AA-58F4-4225-95F6-7F64E8A468FF}"
EndProject
Global
	GlobalSection(SolutionConfigurationPlatforms) = preSolution
		Debug|Any CPU = Debug|Any CPU
		Release|Any CPU = Release|Any CPU
	EndGlobalSection
	GlobalSection(ProjectConfigurationPlatforms) = postSolution
		{93702534-BD26-4AF7-BF37-55B727030655}.Debug|Any CPU.ActiveCfg = Debug|Any CPU
		{93702534-BD26-4AF7-BF37-55B727030655}.Debug|Any CPU.Build.0 = Debug|Any CPU
		{93702534-BD26-4AF7-BF37-55B727030655}.Release|Any CPU.ActiveCfg = Release|Any CPU
		{93702534-BD26-4AF7-BF37-55B727030655}.Release|Any CPU.Build.0 = Release|Any CPU
		{2D0A8C34-52A2-486A-9A40-A9595512FBEB}.Debug|Any CPU.ActiveCfg = Debug|Any CPU
		{2D0A8C34-52A2-486A-9A40-A9595512FBEB}.Debug|Any CPU.Build.0 = Debug|Any CPU
		{2D0A8C34-52A2-486A-9A40-A9595512FBEB}.Release|Any CPU.ActiveCfg = Release|Any CPU
		{2D0A8C34-52A2-486A-9A40-A9595512FBEB}.Release|Any CPU.Build.0 = Release|Any CPU
		{01F85BEC-971B-4505-8F41-8624468918EF}.Debug|Any CPU.ActiveCfg = Debug|Any CPU
		{01F85BEC-971B-4505-8F41-8624468918EF}.Debug|Any CPU.Build.0 = Debug|Any CPU
		{01F85BEC-971B-4505-8F41-8624468918EF}.Release|Any CPU.ActiveCfg = Release|Any CPU
		{01F85BEC-971B-4505-8F41-8624468918EF}.Release|Any CPU.Build.0 = Release|Any CPU
		{5C3ABA0B-292F-4967-B844-9F8718B0AB54}.Debug|Any CPU.ActiveCfg = Debug|Any CPU
		{5C3ABA0B-292F-4967-B844-9F8718B0AB54}.Debug|Any CPU.Build.0 = Debug|Any CPU
		{5C3ABA0B-292F-4967-B844-9F8718B0AB54}.Release|Any CPU.ActiveCfg = Release|Any CPU
		{5C3ABA0B-292F-4967-B844-9F8718B0AB54}.Release|Any CPU.Build.0 = Release|Any CPU
		{B6E27B63-E82F-4EE6-AD52-EF3467B64007}.Debug|Any CPU.ActiveCfg = Debug|Any CPU
		{B6E27B63-E82F-4EE6-AD52-EF3467B64007}.Debug|Any CPU.Build.0 = Debug|Any CPU
		{B6E27B63-E82F-4EE6-AD52-EF3467B64007}.Release|Any CPU.ActiveCfg = Release|Any CPU
		{B6E27B63-E82F-4EE6-AD52-EF3467B64007}.Release|Any CPU.Build.0 = Release|Any CPU
		{5560E359-12DF-4313-893C-DDB9D416227B}.Debug|Any CPU.ActiveCfg = Debug|Any CPU
		{5560E359-12DF-4313-893C-DDB9D416227B}.Debug|Any CPU.Build.0 = Debug|Any CPU
		{5560E359-12DF-4313-893C-DDB9D416227B}.Release|Any CPU.ActiveCfg = Release|Any CPU
		{5560E359-12DF-4313-893C-DDB9D416227B}.Release|Any CPU.Build.0 = Release|Any CPU
		{80B1A9BA-E6F6-4309-BA1A-CC32F9EA7639}.Debug|Any CPU.ActiveCfg = Debug|Any CPU
		{80B1A9BA-E6F6-4309-BA1A-CC32F9EA7639}.Debug|Any CPU.Build.0 = Debug|Any CPU
		{80B1A9BA-E6F6-4309-BA1A-CC32F9EA7639}.Release|Any CPU.ActiveCfg = Release|Any CPU
		{80B1A9BA-E6F6-4309-BA1A-CC32F9EA7639}.Release|Any CPU.Build.0 = Release|Any CPU
		{64CFC4C6-98B9-44E1-B10E-A1DE388260E6}.Debug|Any CPU.ActiveCfg = Debug|Any CPU
		{64CFC4C6-98B9-44E1-B10E-A1DE388260E6}.Debug|Any CPU.Build.0 = Debug|Any CPU
		{64CFC4C6-98B9-44E1-B10E-A1DE388260E6}.Release|Any CPU.ActiveCfg = Release|Any CPU
		{64CFC4C6-98B9-44E1-B10E-A1DE388260E6}.Release|Any CPU.Build.0 = Release|Any CPU
		{20AA59D4-1BB3-4D3E-8563-BC6EC3FECEF6}.Debug|Any CPU.ActiveCfg = Debug|Any CPU
		{20AA59D4-1BB3-4D3E-8563-BC6EC3FECEF6}.Debug|Any CPU.Build.0 = Debug|Any CPU
		{20AA59D4-1BB3-4D3E-8563-BC6EC3FECEF6}.Release|Any CPU.ActiveCfg = Release|Any CPU
		{20AA59D4-1BB3-4D3E-8563-BC6EC3FECEF6}.Release|Any CPU.Build.0 = Release|Any CPU
		{58187EF6-7835-45E3-A896-948C9E7CF438}.Debug|Any CPU.ActiveCfg = Debug|Any CPU
		{58187EF6-7835-45E3-A896-948C9E7CF438}.Debug|Any CPU.Build.0 = Debug|Any CPU
		{58187EF6-7835-45E3-A896-948C9E7CF438}.Release|Any CPU.ActiveCfg = Release|Any CPU
		{58187EF6-7835-45E3-A896-948C9E7CF438}.Release|Any CPU.Build.0 = Release|Any CPU
		{38E8244D-C893-43D2-A6F0-A3EB174F64A9}.Debug|Any CPU.ActiveCfg = Debug|Any CPU
		{38E8244D-C893-43D2-A6F0-A3EB174F64A9}.Debug|Any CPU.Build.0 = Debug|Any CPU
		{38E8244D-C893-43D2-A6F0-A3EB174F64A9}.Release|Any CPU.ActiveCfg = Release|Any CPU
		{38E8244D-C893-43D2-A6F0-A3EB174F64A9}.Release|Any CPU.Build.0 = Release|Any CPU
		{9FD3BD30-F143-4705-A17B-DDC26E63AA63}.Debug|Any CPU.ActiveCfg = Debug|Any CPU
		{9FD3BD30-F143-4705-A17B-DDC26E63AA63}.Debug|Any CPU.Build.0 = Debug|Any CPU
		{9FD3BD30-F143-4705-A17B-DDC26E63AA63}.Release|Any CPU.ActiveCfg = Release|Any CPU
		{9FD3BD30-F143-4705-A17B-DDC26E63AA63}.Release|Any CPU.Build.0 = Release|Any CPU
		{D3E75818-03DA-4B39-BC7D-8AD3B7AF999D}.Debug|Any CPU.ActiveCfg = Debug|Any CPU
		{D3E75818-03DA-4B39-BC7D-8AD3B7AF999D}.Debug|Any CPU.Build.0 = Debug|Any CPU
		{D3E75818-03DA-4B39-BC7D-8AD3B7AF999D}.Release|Any CPU.ActiveCfg = Release|Any CPU
		{D3E75818-03DA-4B39-BC7D-8AD3B7AF999D}.Release|Any CPU.Build.0 = Release|Any CPU
		{B8F9D4A0-0244-4F2C-9AA0-E9D4BC797CCA}.Debug|Any CPU.ActiveCfg = Debug|Any CPU
		{B8F9D4A0-0244-4F2C-9AA0-E9D4BC797CCA}.Debug|Any CPU.Build.0 = Debug|Any CPU
		{B8F9D4A0-0244-4F2C-9AA0-E9D4BC797CCA}.Release|Any CPU.ActiveCfg = Release|Any CPU
		{B8F9D4A0-0244-4F2C-9AA0-E9D4BC797CCA}.Release|Any CPU.Build.0 = Release|Any CPU
		{5D9368A4-ED20-4272-8DC2-4551C33C6898}.Debug|Any CPU.ActiveCfg = Debug|Any CPU
		{5D9368A4-ED20-4272-8DC2-4551C33C6898}.Debug|Any CPU.Build.0 = Debug|Any CPU
		{5D9368A4-ED20-4272-8DC2-4551C33C6898}.Release|Any CPU.ActiveCfg = Release|Any CPU
		{5D9368A4-ED20-4272-8DC2-4551C33C6898}.Release|Any CPU.Build.0 = Release|Any CPU
		{D07A8BBF-B8EF-4C5A-8760-FA892EE5C713}.Debug|Any CPU.ActiveCfg = Debug|Any CPU
		{D07A8BBF-B8EF-4C5A-8760-FA892EE5C713}.Debug|Any CPU.Build.0 = Debug|Any CPU
		{D07A8BBF-B8EF-4C5A-8760-FA892EE5C713}.Release|Any CPU.ActiveCfg = Release|Any CPU
		{D07A8BBF-B8EF-4C5A-8760-FA892EE5C713}.Release|Any CPU.Build.0 = Release|Any CPU
		{D706B094-0CAC-4EBD-8771-45B94851747F}.Debug|Any CPU.ActiveCfg = Debug|Any CPU
		{D706B094-0CAC-4EBD-8771-45B94851747F}.Debug|Any CPU.Build.0 = Debug|Any CPU
		{D706B094-0CAC-4EBD-8771-45B94851747F}.Release|Any CPU.ActiveCfg = Release|Any CPU
		{D706B094-0CAC-4EBD-8771-45B94851747F}.Release|Any CPU.Build.0 = Release|Any CPU
		{F7A8EBFB-2C2C-4AE1-93DB-8D2484EC0824}.Debug|Any CPU.ActiveCfg = Debug|Any CPU
		{F7A8EBFB-2C2C-4AE1-93DB-8D2484EC0824}.Debug|Any CPU.Build.0 = Debug|Any CPU
		{F7A8EBFB-2C2C-4AE1-93DB-8D2484EC0824}.Release|Any CPU.ActiveCfg = Release|Any CPU
		{F7A8EBFB-2C2C-4AE1-93DB-8D2484EC0824}.Release|Any CPU.Build.0 = Release|Any CPU
		{CF8C28AA-58F4-4225-95F6-7F64E8A468FF}.Debug|Any CPU.ActiveCfg = Debug|Any CPU
		{CF8C28AA-58F4-4225-95F6-7F64E8A468FF}.Debug|Any CPU.Build.0 = Debug|Any CPU
		{CF8C28AA-58F4-4225-95F6-7F64E8A468FF}.Release|Any CPU.ActiveCfg = Release|Any CPU
		{CF8C28AA-58F4-4225-95F6-7F64E8A468FF}.Release|Any CPU.Build.0 = Release|Any CPU
	EndGlobalSection
	GlobalSection(SolutionProperties) = preSolution
		HideSolutionNode = FALSE
	EndGlobalSection
	GlobalSection(NestedProjects) = preSolution
		{93702534-BD26-4AF7-BF37-55B727030655} = {96FA2C96-0DBB-45D6-A221-EB1CF3DDD810}
		{2D0A8C34-52A2-486A-9A40-A9595512FBEB} = {96FA2C96-0DBB-45D6-A221-EB1CF3DDD810}
		{01F85BEC-971B-4505-8F41-8624468918EF} = {96FA2C96-0DBB-45D6-A221-EB1CF3DDD810}
		{5C3ABA0B-292F-4967-B844-9F8718B0AB54} = {96FA2C96-0DBB-45D6-A221-EB1CF3DDD810}
		{B6E27B63-E82F-4EE6-AD52-EF3467B64007} = {96FA2C96-0DBB-45D6-A221-EB1CF3DDD810}
		{5560E359-12DF-4313-893C-DDB9D416227B} = {F176F543-D7FF-41EC-A75F-5F6935ECFD75}
		{80B1A9BA-E6F6-4309-BA1A-CC32F9EA7639} = {F176F543-D7FF-41EC-A75F-5F6935ECFD75}
		{64CFC4C6-98B9-44E1-B10E-A1DE388260E6} = {F176F543-D7FF-41EC-A75F-5F6935ECFD75}
		{20AA59D4-1BB3-4D3E-8563-BC6EC3FECEF6} = {F176F543-D7FF-41EC-A75F-5F6935ECFD75}
		{58187EF6-7835-45E3-A896-948C9E7CF438} = {F176F543-D7FF-41EC-A75F-5F6935ECFD75}
		{38E8244D-C893-43D2-A6F0-A3EB174F64A9} = {2F66A3F9-2C90-4B4A-8C67-406645E65E02}
		{9FD3BD30-F143-4705-A17B-DDC26E63AA63} = {2F66A3F9-2C90-4B4A-8C67-406645E65E02}
		{D3E75818-03DA-4B39-BC7D-8AD3B7AF999D} = {2F66A3F9-2C90-4B4A-8C67-406645E65E02}
		{B8F9D4A0-0244-4F2C-9AA0-E9D4BC797CCA} = {2F66A3F9-2C90-4B4A-8C67-406645E65E02}
		{5D9368A4-ED20-4272-8DC2-4551C33C6898} = {EDB5CE3B-1ADB-4DA1-A949-3E7DAF7387D1}
		{D07A8BBF-B8EF-4C5A-8760-FA892EE5C713} = {EDB5CE3B-1ADB-4DA1-A949-3E7DAF7387D1}
		{D706B094-0CAC-4EBD-8771-45B94851747F} = {EDB5CE3B-1ADB-4DA1-A949-3E7DAF7387D1}
		{F7A8EBFB-2C2C-4AE1-93DB-8D2484EC0824} = {EDB5CE3B-1ADB-4DA1-A949-3E7DAF7387D1}
		{CF8C28AA-58F4-4225-95F6-7F64E8A468FF} = {A547C3F1-8AF1-430B-A5A8-C77B3FAF6718}
	EndGlobalSection
	GlobalSection(ExtensibilityGlobals) = postSolution
		SolutionGuid = {12BD3808-72B7-4225-A23B-296C49643E82}
	EndGlobalSection
EndGlobal
